
Microsoft Visual Studio Solution File, Format Version 12.00
# Visual Studio Version 17
VisualStudioVersion = 17.0.31919.166
MinimumVisualStudioVersion = 10.0.40219.1
Project("{FAE04EC0-301F-11D3-BF4B-00C04F79EFBC}") = "TZ", "TZ\TZ.csproj", "{14045DA3-9696-40B6-86C0-2AB7F298F0B9}"
EndProject
Global
	GlobalSection(SolutionConfigurationPlatforms) = preSolution
		Debug|Any CPU = Debug|Any CPU
		Release|Any CPU = Release|Any CPU
	EndGlobalSection
	GlobalSection(ProjectConfigurationPlatforms) = postSolution
		{14045DA3-9696-40B6-86C0-2AB7F298F0B9}.Debug|Any CPU.ActiveCfg = Debug|Any CPU
		{14045DA3-9696-40B6-86C0-2AB7F298F0B9}.Debug|Any CPU.Build.0 = Debug|Any CPU
		{14045DA3-9696-40B6-86C0-2AB7F298F0B9}.Release|Any CPU.ActiveCfg = Release|Any CPU
		{14045DA3-9696-40B6-86C0-2AB7F298F0B9}.Release|Any CPU.Build.0 = Release|Any CPU
	EndGlobalSection
	GlobalSection(SolutionProperties) = preSolution
		HideSolutionNode = FALSE
	EndGlobalSection
	GlobalSection(ExtensibilityGlobals) = postSolution
		SolutionGuid = {67DC6659-997E-4C3E-8906-2C36628A1CF1}
	EndGlobalSection
EndGlobal
